
Microsoft Visual Studio Solution File, Format Version 12.00
# Visual Studio Version 16
VisualStudioVersion = 16.0.33328.57
MinimumVisualStudioVersion = 10.0.40219.1
Project("{FAE04EC0-301F-11D3-BF4B-00C04F79EFBC}") = "Кашутин.Зайниев(КрестикиНолики)", "Кашутин.Зайниев(КрестикиНолики)\Кашутин.Зайниев(КрестикиНолики).csproj", "{81060BE3-8E04-4994-8A24-E86A8F04D448}"
EndProject
Global
	GlobalSection(SolutionConfigurationPlatforms) = preSolution
		Debug|Any CPU = Debug|Any CPU
		Release|Any CPU = Release|Any CPU
	EndGlobalSection
	GlobalSection(ProjectConfigurationPlatforms) = postSolution
		{81060BE3-8E04-4994-8A24-E86A8F04D448}.Debug|Any CPU.ActiveCfg = Debug|Any CPU
		{81060BE3-8E04-4994-8A24-E86A8F04D448}.Debug|Any CPU.Build.0 = Debug|Any CPU
		{81060BE3-8E04-4994-8A24-E86A8F04D448}.Release|Any CPU.ActiveCfg = Release|Any CPU
		{81060BE3-8E04-4994-8A24-E86A8F04D448}.Release|Any CPU.Build.0 = Release|Any CPU
	EndGlobalSection
	GlobalSection(SolutionProperties) = preSolution
		HideSolutionNode = FALSE
	EndGlobalSection
	GlobalSection(ExtensibilityGlobals) = postSolution
		SolutionGuid = {0E568ABF-CE6F-48E5-B476-087DF2A43A05}
	EndGlobalSection
EndGlobal
